
Microsoft Visual Studio Solution File, Format Version 12.00
# Visual Studio Version 17
VisualStudioVersion = 17.4.33122.133
MinimumVisualStudioVersion = 10.0.40219.1
Project("{9A19103F-16F7-4668-BE54-9A1E7A4F7556}") = "FundoNote", "FundoNote\FundoNote.csproj", "{7DF9378C-5A2E-436A-AD5D-B09FD5C83F1B}"
EndProject
Project("{9A19103F-16F7-4668-BE54-9A1E7A4F7556}") = "RepoLayer", "RepoLayer\RepoLayer.csproj", "{55CF38DD-8D3A-43D6-981F-5ECB099EA4B9}"
EndProject
Project("{9A19103F-16F7-4668-BE54-9A1E7A4F7556}") = "BusinessLayer", "BusinessLayer\BusinessLayer.csproj", "{156DB0B4-F133-4D9D-9177-6F3DAA9750B7}"
EndProject
Project("{9A19103F-16F7-4668-BE54-9A1E7A4F7556}") = "CommonLayer", "CommonLayer\CommonLayer.csproj", "{2A18940E-500D-4D21-90A6-A82A8B889C03}"
EndProject
Project("{FAE04EC0-301F-11D3-BF4B-00C04F79EFBC}") = "ColabConsumer", "ColabConsumer\ColabConsumer.csproj", "{E8ECC629-CD98-4448-8F17-93CE8E4A44C7}"
EndProject
Global
	GlobalSection(SolutionConfigurationPlatforms) = preSolution
		Debug|Any CPU = Debug|Any CPU
		Release|Any CPU = Release|Any CPU
	EndGlobalSection
	GlobalSection(ProjectConfigurationPlatforms) = postSolution
		{7DF9378C-5A2E-436A-AD5D-B09FD5C83F1B}.Debug|Any CPU.ActiveCfg = Debug|Any CPU
		{7DF9378C-5A2E-436A-AD5D-B09FD5C83F1B}.Debug|Any CPU.Build.0 = Debug|Any CPU
		{7DF9378C-5A2E-436A-AD5D-B09FD5C83F1B}.Release|Any CPU.ActiveCfg = Release|Any CPU
		{7DF9378C-5A2E-436A-AD5D-B09FD5C83F1B}.Release|Any CPU.Build.0 = Release|Any CPU
		{55CF38DD-8D3A-43D6-981F-5ECB099EA4B9}.Debug|Any CPU.ActiveCfg = Debug|Any CPU
		{55CF38DD-8D3A-43D6-981F-5ECB099EA4B9}.Debug|Any CPU.Build.0 = Debug|Any CPU
		{55CF38DD-8D3A-43D6-981F-5ECB099EA4B9}.Release|Any CPU.ActiveCfg = Release|Any CPU
		{55CF38DD-8D3A-43D6-981F-5ECB099EA4B9}.Release|Any CPU.Build.0 = Release|Any CPU
		{156DB0B4-F133-4D9D-9177-6F3DAA9750B7}.Debug|Any CPU.ActiveCfg = Debug|Any CPU
		{156DB0B4-F133-4D9D-9177-6F3DAA9750B7}.Debug|Any CPU.Build.0 = Debug|Any CPU
		{156DB0B4-F133-4D9D-9177-6F3DAA9750B7}.Release|Any CPU.ActiveCfg = Release|Any CPU
		{156DB0B4-F133-4D9D-9177-6F3DAA9750B7}.Release|Any CPU.Build.0 = Release|Any CPU
		{2A18940E-500D-4D21-90A6-A82A8B889C03}.Debug|Any CPU.ActiveCfg = Debug|Any CPU
		{2A18940E-500D-4D21-90A6-A82A8B889C03}.Debug|Any CPU.Build.0 = Debug|Any CPU
		{2A18940E-500D-4D21-90A6-A82A8B889C03}.Release|Any CPU.ActiveCfg = Release|Any CPU
		{2A18940E-500D-4D21-90A6-A82A8B889C03}.Release|Any CPU.Build.0 = Release|Any CPU
		{E8ECC629-CD98-4448-8F17-93CE8E4A44C7}.Debug|Any CPU.ActiveCfg = Debug|Any CPU
		{E8ECC629-CD98-4448-8F17-93CE8E4A44C7}.Debug|Any CPU.Build.0 = Debug|Any CPU
		{E8ECC629-CD98-4448-8F17-93CE8E4A44C7}.Release|Any CPU.ActiveCfg = Release|Any CPU
		{E8ECC629-CD98-4448-8F17-93CE8E4A44C7}.Release|Any CPU.Build.0 = Release|Any CPU
	EndGlobalSection
	GlobalSection(SolutionProperties) = preSolution
		HideSolutionNode = FALSE
	EndGlobalSection
	GlobalSection(ExtensibilityGlobals) = postSolution
		SolutionGuid = {E1E9D22E-617C-4D19-9C25-884521D0E5FE}
	EndGlobalSection
EndGlobal
